
Microsoft Visual Studio Solution File, Format Version 12.00
# Visual Studio 15
VisualStudioVersion = 15.0.28010.2003
MinimumVisualStudioVersion = 10.0.40219.1
Project("{FAE04EC0-301F-11D3-BF4B-00C04F79EFBC}") = "Calculator", "Calculator\Calculator.csproj", "{9CFA6DB6-40E0-41F2-BFB7-F28307E0193F}"
EndProject
Global
	GlobalSection(SolutionConfigurationPlatforms) = preSolution
		Debug|Any CPU = Debug|Any CPU
		Release|Any CPU = Release|Any CPU
	EndGlobalSection
	GlobalSection(ProjectConfigurationPlatforms) = postSolution
		{9CFA6DB6-40E0-41F2-BFB7-F28307E0193F}.Debug|Any CPU.ActiveCfg = Debug|Any CPU
		{9CFA6DB6-40E0-41F2-BFB7-F28307E0193F}.Debug|Any CPU.Build.0 = Debug|Any CPU
		{9CFA6DB6-40E0-41F2-BFB7-F28307E0193F}.Release|Any CPU.ActiveCfg = Release|Any CPU
		{9CFA6DB6-40E0-41F2-BFB7-F28307E0193F}.Release|Any CPU.Build.0 = Release|Any CPU
	EndGlobalSection
	GlobalSection(SolutionProperties) = preSolution
		HideSolutionNode = FALSE
	EndGlobalSection
	GlobalSection(ExtensibilityGlobals) = postSolution
		SolutionGuid = {4A93B525-C978-481D-A252-5C9621DAD062}
	EndGlobalSection
EndGlobal
